
Microsoft Visual Studio Solution File, Format Version 12.00
# Visual Studio 15
VisualStudioVersion = 15.0.28307.1169
MinimumVisualStudioVersion = 10.0.40219.1
Project("{FAE04EC0-301F-11D3-BF4B-00C04F79EFBC}") = "Registration", "Registration\Registration.csproj", "{FD41A286-F1E1-407B-A31B-87AD9B65A67C}"
EndProject
Global
	GlobalSection(SolutionConfigurationPlatforms) = preSolution
		Debug|Any CPU = Debug|Any CPU
		Release|Any CPU = Release|Any CPU
	EndGlobalSection
	GlobalSection(ProjectConfigurationPlatforms) = postSolution
		{FD41A286-F1E1-407B-A31B-87AD9B65A67C}.Debug|Any CPU.ActiveCfg = Debug|Any CPU
		{FD41A286-F1E1-407B-A31B-87AD9B65A67C}.Debug|Any CPU.Build.0 = Debug|Any CPU
		{FD41A286-F1E1-407B-A31B-87AD9B65A67C}.Release|Any CPU.ActiveCfg = Release|Any CPU
		{FD41A286-F1E1-407B-A31B-87AD9B65A67C}.Release|Any CPU.Build.0 = Release|Any CPU
	EndGlobalSection
	GlobalSection(SolutionProperties) = preSolution
		HideSolutionNode = FALSE
	EndGlobalSection
	GlobalSection(ExtensibilityGlobals) = postSolution
		SolutionGuid = {13CBB234-C67D-43BC-83E1-EFD564CEB87B}
	EndGlobalSection
EndGlobal
